
Microsoft Visual Studio Solution File, Format Version 12.00
# Visual Studio 14
VisualStudioVersion = 14.0.23107.0
MinimumVisualStudioVersion = 10.0.40219.1
Project("{FAE04EC0-301F-11D3-BF4B-00C04F79EFBC}") = "log4net.AzureStorage", "log4net.AzureStorage\log4net.AzureStorage.csproj", "{3505A19B-F475-4DFA-B7C2-64732E974E0B}"
EndProject
Project("{2150E333-8FDC-42A3-9474-1A3956D46DE8}") = ".Solution", ".Solution", "{10FA5AA8-6A54-4AA0-99FC-4B020D69C6E2}"
	ProjectSection(SolutionItems) = preProject
		log4net.AzureStorage.nuspec = log4net.AzureStorage.nuspec
		log4net.Extensions.snk = log4net.Extensions.snk
	EndProjectSection
EndProject
Project("{FAE04EC0-301F-11D3-BF4B-00C04F79EFBC}") = "ClientConsole", "ClientConsole\ClientConsole.csproj", "{11BE605B-A247-4B91-9DCA-D4B6774E4A38}"
EndProject
Global
	GlobalSection(SolutionConfigurationPlatforms) = preSolution
		Debug|Any CPU = Debug|Any CPU
		Release|Any CPU = Release|Any CPU
	EndGlobalSection
	GlobalSection(ProjectConfigurationPlatforms) = postSolution
		{3505A19B-F475-4DFA-B7C2-64732E974E0B}.Debug|Any CPU.ActiveCfg = Debug|Any CPU
		{3505A19B-F475-4DFA-B7C2-64732E974E0B}.Debug|Any CPU.Build.0 = Debug|Any CPU
		{3505A19B-F475-4DFA-B7C2-64732E974E0B}.Release|Any CPU.ActiveCfg = Release|Any CPU
		{3505A19B-F475-4DFA-B7C2-64732E974E0B}.Release|Any CPU.Build.0 = Release|Any CPU
		{11BE605B-A247-4B91-9DCA-D4B6774E4A38}.Debug|Any CPU.ActiveCfg = Debug|Any CPU
		{11BE605B-A247-4B91-9DCA-D4B6774E4A38}.Debug|Any CPU.Build.0 = Debug|Any CPU
		{11BE605B-A247-4B91-9DCA-D4B6774E4A38}.Release|Any CPU.ActiveCfg = Release|Any CPU
		{11BE605B-A247-4B91-9DCA-D4B6774E4A38}.Release|Any CPU.Build.0 = Release|Any CPU
	EndGlobalSection
	GlobalSection(SolutionProperties) = preSolution
		HideSolutionNode = FALSE
	EndGlobalSection
EndGlobal
